
Microsoft Visual Studio Solution File, Format Version 12.00
# Visual Studio Version 17
VisualStudioVersion = 17.10.35004.147
MinimumVisualStudioVersion = 10.0.40219.1
Project("{FAE04EC0-301F-11D3-BF4B-00C04F79EFBC}") = "BT1", "BT1\BT1.csproj", "{456B68C0-3559-452C-82A4-8EBF92DBECBF}"
EndProject
Global
	GlobalSection(SolutionConfigurationPlatforms) = preSolution
		Debug|Any CPU = Debug|Any CPU
		Release|Any CPU = Release|Any CPU
	EndGlobalSection
	GlobalSection(ProjectConfigurationPlatforms) = postSolution
		{456B68C0-3559-452C-82A4-8EBF92DBECBF}.Debug|Any CPU.ActiveCfg = Debug|Any CPU
		{456B68C0-3559-452C-82A4-8EBF92DBECBF}.Debug|Any CPU.Build.0 = Debug|Any CPU
		{456B68C0-3559-452C-82A4-8EBF92DBECBF}.Release|Any CPU.ActiveCfg = Release|Any CPU
		{456B68C0-3559-452C-82A4-8EBF92DBECBF}.Release|Any CPU.Build.0 = Release|Any CPU
	EndGlobalSection
	GlobalSection(SolutionProperties) = preSolution
		HideSolutionNode = FALSE
	EndGlobalSection
	GlobalSection(ExtensibilityGlobals) = postSolution
		SolutionGuid = {B3E76333-8463-4277-914F-2C658E999F40}
	EndGlobalSection
EndGlobal
